
Microsoft Visual Studio Solution File, Format Version 12.00
# Visual Studio 15
VisualStudioVersion = 15.0.28307.106
MinimumVisualStudioVersion = 10.0.40219.1
Project("{FAE04EC0-301F-11D3-BF4B-00C04F79EFBC}") = "ApiManage.ApiGateway", "ApiManage.ApiGateway\ApiManage.ApiGateway.csproj", "{D45908CD-2FF8-4398-ABB4-3A3C84894E47}"
EndProject
Global
	GlobalSection(SolutionConfigurationPlatforms) = preSolution
		Debug|Any CPU = Debug|Any CPU
		Release|Any CPU = Release|Any CPU
	EndGlobalSection
	GlobalSection(ProjectConfigurationPlatforms) = postSolution
		{D45908CD-2FF8-4398-ABB4-3A3C84894E47}.Debug|Any CPU.ActiveCfg = Debug|Any CPU
		{D45908CD-2FF8-4398-ABB4-3A3C84894E47}.Debug|Any CPU.Build.0 = Debug|Any CPU
		{D45908CD-2FF8-4398-ABB4-3A3C84894E47}.Release|Any CPU.ActiveCfg = Release|Any CPU
		{D45908CD-2FF8-4398-ABB4-3A3C84894E47}.Release|Any CPU.Build.0 = Release|Any CPU
	EndGlobalSection
	GlobalSection(SolutionProperties) = preSolution
		HideSolutionNode = FALSE
	EndGlobalSection
	GlobalSection(ExtensibilityGlobals) = postSolution
		SolutionGuid = {8237AFFE-DF5D-42D8-824C-FF8E4975C590}
	EndGlobalSection
EndGlobal
